<?xml version="1.0" encoding="utf-8"?>
<Project ToolsVersion="4.0" xmlns="http://schemas.microsoft.com/developer/msbuild/2003">
  <ItemGroup>
    <ClCompile Include="Scene.cpp">
      <Filter>Source Files</Filter>
    </ClCompile>
    <ClCompile Include="Level.cpp">
      <Filter>Source Files</Filter>
    </ClCompile>
    <ClCompile Include="Texture.cpp">
      <Filter>Source Files\Painting</Filter>
    </ClCompile>
    <ClCompile Include="Shader.cpp">
      <Filter>Source Files\Painting</Filter>
    </ClCompile>
    <ClCompile Include="ShaderProgram.cpp">
      <Filter>Source Files\Painting</Filter>
    </ClCompile>
    <ClCompile Include="Game.cpp">
      <Filter>Source Files\Base</Filter>
    </ClCompile>
    <ClCompile Include="main.cpp">
      <Filter>Source Files\Base</Filter>
    </ClCompile>
  </ItemGroup>
  <ItemGroup>
    <ClInclude Include="Level.h">
      <Filter>Header Files</Filter>
    </ClInclude>
    <ClInclude Include="Scene.h">
      <Filter>Header Files</Filter>
    </ClInclude>
    <ClInclude Include="ShaderProgram.h">
      <Filter>Header Files\Painting</Filter>
    </ClInclude>
    <ClInclude Include="Texture.h">
      <Filter>Header Files\Painting</Filter>
    </ClInclude>
    <ClInclude Include="Shader.h">
      <Filter>Header Files\Painting</Filter>
    </ClInclude>
    <ClInclude Include="Game.h">
      <Filter>Header Files\Base</Filter>
    </ClInclude>
  </ItemGroup>
  <ItemGroup>
    <Filter Include="Source Files">
      <UniqueIdentifier>{6ce5b2bb-859f-424a-8546-a0726ebd3c99}</UniqueIdentifier>
    </Filter>
    <Filter Include="Header Files">
      <UniqueIdentifier>{6e67981d-6ae9-4e1b-a130-eebc385adbd4}</UniqueIdentifier>
    </Filter>
    <Filter Include="Header Files\Painting">
      <UniqueIdentifier>{98a61eb7-7905-4abc-9197-adf0e3d288d8}</UniqueIdentifier>
    </Filter>
    <Filter Include="Source Files\Painting">
      <UniqueIdentifier>{436fcbb5-e347-48ba-9946-2dabc48f4e46}</UniqueIdentifier>
    </Filter>
    <Filter Include="Source Files\Base">
      <UniqueIdentifier>{d5aabfec-9bc4-49fe-b978-6d22c29f4430}</UniqueIdentifier>
    </Filter>
    <Filter Include="Header Files\Base">
      <UniqueIdentifier>{ef60e999-9494-462d-8bc8-3cfbe3936e7c}</UniqueIdentifier>
    </Filter>
  </ItemGroup>
</Project>